
Microsoft Visual Studio Solution File, Format Version 12.00
# Visual Studio Version 16
VisualStudioVersion = 25.0.1700.0
MinimumVisualStudioVersion = 10.0.40219.1
Project("{FAE04EC0-301F-11D3-BF4B-00C04F79EFBC}") = "Movie_Database", "Movie_Database\Movie_Database.csproj", "{1B0EF322-1F5F-435C-86FF-0746DFB0A5EF}"
EndProject
Global
	GlobalSection(SolutionConfigurationPlatforms) = preSolution
		Debug|Any CPU = Debug|Any CPU
		Release|Any CPU = Release|Any CPU
	EndGlobalSection
	GlobalSection(ProjectConfigurationPlatforms) = postSolution
		{1B0EF322-1F5F-435C-86FF-0746DFB0A5EF}.Debug|Any CPU.ActiveCfg = Debug|Any CPU
		{1B0EF322-1F5F-435C-86FF-0746DFB0A5EF}.Debug|Any CPU.Build.0 = Debug|Any CPU
		{1B0EF322-1F5F-435C-86FF-0746DFB0A5EF}.Release|Any CPU.ActiveCfg = Release|Any CPU
		{1B0EF322-1F5F-435C-86FF-0746DFB0A5EF}.Release|Any CPU.Build.0 = Release|Any CPU
	EndGlobalSection
	GlobalSection(SolutionProperties) = preSolution
		HideSolutionNode = FALSE
	EndGlobalSection
	GlobalSection(ExtensibilityGlobals) = postSolution
		SolutionGuid = {C6D23466-6789-4CE6-8BCE-9018A537E31E}
	EndGlobalSection
EndGlobal
